// !$*UTF8*$!
{
	archiveVersion = 1;
	classes = {
	};
	objectVersion = 50;
	objects = {

/* Begin PBXBuildFile section */
		C3AB591C26306F8E006296C0 /* VACC1App.swift in Sources */ = {isa = PBXBuildFile; fileRef = C3AB591B26306F8E006296C0 /* VACC1App.swift */; };
		C3AB591E26306F8E006296C0 /* ContentView.swift in Sources */ = {isa = PBXBuildFile; fileRef = C3AB591D26306F8E006296C0 /* ContentView.swift */; };
		C3AB592026306F8F006296C0 /* Assets.xcassets in Resources */ = {isa = PBXBuildFile; fileRef = C3AB591F26306F8F006296C0 /* Assets.xcassets */; };
		C3AB592326306F8F006296C0 /* Preview Assets.xcassets in Resources */ = {isa = PBXBuildFile; fileRef = C3AB592226306F8F006296C0 /* Preview Assets.xcassets */; };
		C3AB592D263071F5006296C0 /* Eligibility.swift in Sources */ = {isa = PBXBuildFile; fileRef = C3AB592C263071F5006296C0 /* Eligibility.swift */; };
		C3AB59302630727B006296C0 /* locationApp.swift in Sources */ = {isa = PBXBuildFile; fileRef = C3AB592F2630727B006296C0 /* locationApp.swift */; };
		C3AB593326307306006296C0 /* vaccOpportunities.swift in Sources */ = {isa = PBXBuildFile; fileRef = C3AB593226307306006296C0 /* vaccOpportunities.swift */; };
		C3AB593626307312006296C0 /* updates.swift in Sources */ = {isa = PBXBuildFile; fileRef = C3AB593526307312006296C0 /* updates.swift */; };
		C3AB593A2630731C006296C0 /* travel.swift in Sources */ = {isa = PBXBuildFile; fileRef = C3AB59392630731C006296C0 /* travel.swift */; };
/* End PBXBuildFile section */

/* Begin PBXFileReference section */
		C3AB591826306F8E006296C0 /* VACC1.app */ = {isa = PBXFileReference; explicitFileType = wrapper.application; includeInIndex = 0; path = VACC1.app; sourceTree = BUILT_PRODUCTS_DIR; };
		C3AB591B26306F8E006296C0 /* VACC1App.swift */ = {isa = PBXFileReference; lastKnownFileType = sourcecode.swift; path = VACC1App.swift; sourceTree = "<group>"; };
		C3AB591D26306F8E006296C0 /* ContentView.swift */ = {isa = PBXFileReference; lastKnownFileType = sourcecode.swift; path = ContentView.swift; sourceTree = "<group>"; };
		C3AB591F26306F8F006296C0 /* Assets.xcassets */ = {isa = PBXFileReference; lastKnownFileType = folder.assetcatalog; path = Assets.xcassets; sourceTree = "<group>"; };
		C3AB592226306F8F006296C0 /* Preview Assets.xcassets */ = {isa = PBXFileReference; lastKnownFileType = folder.assetcatalog; path = "Preview Assets.xcassets"; sourceTree = "<group>"; };
		C3AB592426306F8F006296C0 /* Info.plist */ = {isa = PBXFileReference; lastKnownFileType = text.plist.xml; path = Info.plist; sourceTree = "<group>"; };
		C3AB592C263071F5006296C0 /* Eligibility.swift */ = {isa = PBXFileReference; lastKnownFileType = sourcecode.swift; path = Eligibility.swift; sourceTree = "<group>"; };
		C3AB592F2630727B006296C0 /* locationApp.swift */ = {isa = PBXFileReference; lastKnownFileType = sourcecode.swift; path = locationApp.swift; sourceTree = "<group>"; };
		C3AB593226307306006296C0 /* vaccOpportunities.swift */ = {isa = PBXFileReference; lastKnownFileType = sourcecode.swift; path = vaccOpportunities.swift; sourceTree = "<group>"; };
		C3AB593526307312006296C0 /* updates.swift */ = {isa = PBXFileReference; lastKnownFileType = sourcecode.swift; path = updates.swift; sourceTree = "<group>"; };
		C3AB59392630731C006296C0 /* travel.swift */ = {isa = PBXFileReference; lastKnownFileType = sourcecode.swift; path = travel.swift; sourceTree = "<group>"; };
/* End PBXFileReference section */

/* Begin PBXFrameworksBuildPhase section */
		C3AB591526306F8E006296C0 /* Frameworks */ = {
			isa = PBXFrameworksBuildPhase;
			buildActionMask = 2147483647;
			files = (
			);
			runOnlyForDeploymentPostprocessing = 0;
		};
/* End PBXFrameworksBuildPhase section */

/* Begin PBXGroup section */
		C3AB590F26306F8E006296C0 = {
			isa = PBXGroup;
			children = (
				C3AB591A26306F8E006296C0 /* VACC1 */,
				C3AB591926306F8E006296C0 /* Products */,
			);
			sourceTree = "<group>";
		};
		C3AB591926306F8E006296C0 /* Products */ = {
			isa = PBXGroup;
			children = (
				C3AB591826306F8E006296C0 /* VACC1.app */,
			);
			name = Products;
			sourceTree = "<group>";
		};
		C3AB591A26306F8E006296C0 /* VACC1 */ = {
			isa = PBXGroup;
			children = (
				C3AB591B26306F8E006296C0 /* VACC1App.swift */,
				C3AB591D26306F8E006296C0 /* ContentView.swift */,
				C3AB592C263071F5006296C0 /* Eligibility.swift */,
				C3AB592F2630727B006296C0 /* locationApp.swift */,
				C3AB593526307312006296C0 /* updates.swift */,
				C3AB593226307306006296C0 /* vaccOpportunities.swift */,
				C3AB59392630731C006296C0 /* travel.swift */,
				C3AB591F26306F8F006296C0 /* Assets.xcassets */,
				C3AB592426306F8F006296C0 /* Info.plist */,
				C3AB592126306F8F006296C0 /* Preview Content */,
			);
			path = VACC1;
			sourceTree = "<group>";
		};
		C3AB592126306F8F006296C0 /* Preview Content */ = {
			isa = PBXGroup;
			children = (
				C3AB592226306F8F006296C0 /* Preview Assets.xcassets */,
			);
			path = "Preview Content";
			sourceTree = "<group>";
		};
/* End PBXGroup section */

/* Begin PBXNativeTarget section */
		C3AB591726306F8E006296C0 /* VACC1 */ = {
			isa = PBXNativeTarget;
			buildConfigurationList = C3AB592726306F8F006296C0 /* Build configuration list for PBXNativeTarget "VACC1" */;
			buildPhases = (
				C3AB591426306F8E006296C0 /* Sources */,
				C3AB591526306F8E006296C0 /* Frameworks */,
				C3AB591626306F8E006296C0 /* Resources */,
			);
			buildRules = (
			);
			dependencies = (
			);
			name = VACC1;
			productName = VACC1;
			productReference = C3AB591826306F8E006296C0 /* VACC1.app */;
			productType = "com.apple.product-type.application";
		};
/* End PBXNativeTarget section */

/* Begin PBXProject section */
		C3AB591026306F8E006296C0 /* Project object */ = {
			isa = PBXProject;
			attributes = {
				LastSwiftUpdateCheck = 1240;
				LastUpgradeCheck = 1240;
				TargetAttributes = {
					C3AB591726306F8E006296C0 = {
						CreatedOnToolsVersion = 12.4;
					};
				};
			};
			buildConfigurationList = C3AB591326306F8E006296C0 /* Build configuration list for PBXProject "VACC1" */;
			compatibilityVersion = "Xcode 9.3";
			developmentRegion = en;
			hasScannedForEncodings = 0;
			knownRegions = (
				en,
				Base,
			);
			mainGroup = C3AB590F26306F8E006296C0;
			productRefGroup = C3AB591926306F8E006296C0 /* Products */;
			projectDirPath = "";
			projectRoot = "";
			targets = (
				C3AB591726306F8E006296C0 /* VACC1 */,
			);
		};
/* End PBXProject section */

/* Begin PBXResourcesBuildPhase section */
		C3AB591626306F8E006296C0 /* Resources */ = {
			isa = PBXResourcesBuildPhase;
			buildActionMask = 2147483647;
			files = (
				C3AB592326306F8F006296C0 /* Preview Assets.xcassets in Resources */,
				C3AB592026306F8F006296C0 /* Assets.xcassets in Resources */,
			);
			runOnlyForDeploymentPostprocessing = 0;
		};
/* End PBXResourcesBuildPhase section */

/* Begin PBXSourcesBuildPhase section */
		C3AB591426306F8E006296C0 /* Sources */ = {
			isa = PBXSourcesBuildPhase;
			buildActionMask = 2147483647;
			files = (
				C3AB593626307312006296C0 /* updates.swift in Sources */,
				C3AB593A2630731C006296C0 /* travel.swift in Sources */,
				C3AB592D263071F5006296C0 /* Eligibility.swift in Sources */,
				C3AB591E26306F8E006296C0 /* ContentView.swift in Sources */,
				C3AB593326307306006296C0 /* vaccOpportunities.swift in Sources */,
				C3AB59302630727B006296C0 /* locationApp.swift in Sources */,
				C3AB591C26306F8E006296C0 /* VACC1App.swift in Sources */,
			);
			runOnlyForDeploymentPostprocessing = 0;
		};
/* End PBXSourcesBuildPhase section */

/* Begin XCBuildConfiguration section */
		C3AB592526306F8F006296C0 /* Debug */ = {
			isa = XCBuildConfiguration;
			buildSettings = {
				ALWAYS_SEARCH_USER_PATHS = NO;
				CLANG_ANALYZER_NONNULL = YES;
				CLANG_ANALYZER_NUMBER_OBJECT_CONVERSION = YES_AGGRESSIVE;
				CLANG_CXX_LANGUAGE_STANDARD = "gnu++14";
				CLANG_CXX_LIBRARY = "libc++";
				CLANG_ENABLE_MODULES = YES;
				CLANG_ENABLE_OBJC_ARC = YES;
				CLANG_ENABLE_OBJC_WEAK = YES;
				CLANG_WARN_BLOCK_CAPTURE_AUTORELEASING = YES;
				CLANG_WARN_BOOL_CONVERSION = YES;
				CLANG_WARN_COMMA = YES;
				CLANG_WARN_CONSTANT_CONVERSION = YES;
				CLANG_WARN_DEPRECATED_OBJC_IMPLEMENTATIONS = YES;
				CLANG_WARN_DIRECT_OBJC_ISA_USAGE = YES_ERROR;
				CLANG_WARN_DOCUMENTATION_COMMENTS = YES;
				CLANG_WARN_EMPTY_BODY = YES;
				CLANG_WARN_ENUM_CONVERSION = YES;
				CLANG_WARN_INFINITE_RECURSION = YES;
				CLANG_WARN_INT_CONVERSION = YES;
				CLANG_WARN_NON_LITERAL_NULL_CONVERSION = YES;
				CLANG_WARN_OBJC_IMPLICIT_RETAIN_SELF = YES;
				CLANG_WARN_OBJC_LITERAL_CONVERSION = YES;
				CLANG_WARN_OBJC_ROOT_CLASS = YES_ERROR;
				CLANG_WARN_QUOTED_INCLUDE_IN_FRAMEWORK_HEADER = YES;
				CLANG_WARN_RANGE_LOOP_ANALYSIS = YES;
				CLANG_WARN_STRICT_PROTOTYPES = YES;
				CLANG_WARN_SUSPICIOUS_MOVE = YES;
				CLANG_WARN_UNGUARDED_AVAILABILITY = YES_AGGRESSIVE;
				CLANG_WARN_UNREACHABLE_CODE = YES;
				CLANG_WARN__DUPLICATE_METHOD_MATCH = YES;
				COPY_PHASE_STRIP = NO;
				DEBUG_INFORMATION_FORMAT = dwarf;
				ENABLE_STRICT_OBJC_MSGSEND = YES;
				ENABLE_TESTABILITY = YES;
				GCC_C_LANGUAGE_STANDARD = gnu11;
				GCC_DYNAMIC_NO_PIC = NO;
				GCC_NO_COMMON_BLOCKS = YES;
				GCC_OPTIMIZATION_LEVEL = 0;
				GCC_PREPROCESSOR_DEFINITIONS = (
					"DEBUG=1",
					"$(inherited)",
				);
				GCC_WARN_64_TO_32_BIT_CONVERSION = YES;
				GCC_WARN_ABOUT_RETURN_TYPE = YES_ERROR;
				GCC_WARN_UNDECLARED_SELECTOR = YES;
				GCC_WARN_UNINITIALIZED_AUTOS = YES_AGGRESSIVE;
				GCC_WARN_UNUSED_FUNCTION = YES;
				GCC_WARN_UNUSED_VARIABLE = YES;
				IPHONEOS_DEPLOYMENT_TARGET = 14.4;
				MTL_ENABLE_DEBUG_INFO = INCLUDE_SOURCE;
				MTL_FAST_MATH = YES;
				ONLY_ACTIVE_ARCH = YES;
				SDKROOT = iphoneos;
				SWIFT_ACTIVE_COMPILATION_CONDITIONS = DEBUG;
				SWIFT_OPTIMIZATION_LEVEL = "-Onone";
			};
			name = Debug;
		};
		C3AB592626306F8F006296C0 /* Release */ = {
			isa = XCBuildConfiguration;
			buildSettings = {
				ALWAYS_SEARCH_USER_PATHS = NO;
				CLANG_ANALYZER_NONNULL = YES;
				CLANG_ANALYZER_NUMBER_OBJECT_CONVERSION = YES_AGGRESSIVE;
				CLANG_CXX_LANGUAGE_STANDARD = "gnu++14";
				CLANG_CXX_LIBRARY = "libc++";
				CLANG_ENABLE_MODULES = YES;
				CLANG_ENABLE_OBJC_ARC = YES;
				CLANG_ENABLE_OBJC_WEAK = YES;
				CLANG_WARN_BLOCK_CAPTURE_AUTORELEASING = YES;
				CLANG_WARN_BOOL_CONVERSION = YES;
				CLANG_WARN_COMMA = YES;
				CLANG_WARN_CONSTANT_CONVERSION = YES;
				CLANG_WARN_DEPRECATED_OBJC_IMPLEMENTATIONS = YES;
				CLANG_WARN_DIRECT_OBJC_ISA_USAGE = YES_ERROR;
				CLANG_WARN_DOCUMENTATION_COMMENTS = YES;
				CLANG_WARN_EMPTY_BODY = YES;
				CLANG_WARN_ENUM_CONVERSION = YES;
				CLANG_WARN_INFINITE_RECURSION = YES;
				CLANG_WARN_INT_CONVERSION = YES;
				CLANG_WARN_NON_LITERAL_NULL_CONVERSION = YES;
				CLANG_WARN_OBJC_IMPLICIT_RETAIN_SELF = YES;
				CLANG_WARN_OBJC_LITERAL_CONVERSION = YES;
				CLANG_WARN_OBJC_ROOT_CLASS = YES_ERROR;
				CLANG_WARN_QUOTED_INCLUDE_IN_FRAMEWORK_HEADER = YES;
				CLANG_WARN_RANGE_LOOP_ANALYSIS = YES;
				CLANG_WARN_STRICT_PROTOTYPES = YES;
				CLANG_WARN_SUSPICIOUS_MOVE = YES;
				CLANG_WARN_UNGUARDED_AVAILABILITY = YES_AGGRESSIVE;
				CLANG_WARN_UNREACHABLE_CODE = YES;
				CLANG_WARN__DUPLICATE_METHOD_MATCH = YES;
				COPY_PHASE_STRIP = NO;
				DEBUG_INFORMATION_FORMAT = "dwarf-with-dsym";
				ENABLE_NS_ASSERTIONS = NO;
				ENABLE_STRICT_OBJC_MSGSEND = YES;
				GCC_C_LANGUAGE_STANDARD = gnu11;
				GCC_NO_COMMON_BLOCKS = YES;
				GCC_WARN_64_TO_32_BIT_CONVERSION = YES;
				GCC_WARN_ABOUT_RETURN_TYPE = YES_ERROR;
				GCC_WARN_UNDECLARED_SELECTOR = YES;
				GCC_WARN_UNINITIALIZED_AUTOS = YES_AGGRESSIVE;
				GCC_WARN_UNUSED_FUNCTION = YES;
				GCC_WARN_UNUSED_VARIABLE = YES;
				IPHONEOS_DEPLOYMENT_TARGET = 14.4;
				MTL_ENABLE_DEBUG_INFO = NO;
				MTL_FAST_MATH = YES;
				SDKROOT = iphoneos;
				SWIFT_COMPILATION_MODE = wholemodule;
				SWIFT_OPTIMIZATION_LEVEL = "-O";
				VALIDATE_PRODUCT = YES;
			};
			name = Release;
		};
		C3AB592826306F8F006296C0 /* Debug */ = {
			isa = XCBuildConfiguration;
			buildSettings = {
				ASSETCATALOG_COMPILER_APPICON_NAME = AppIcon;
				ASSETCATALOG_COMPILER_GLOBAL_ACCENT_COLOR_NAME = AccentColor;
				CODE_SIGN_STYLE = Automatic;
				DEVELOPMENT_ASSET_PATHS = "\"VACC1/Preview Content\"";
				DEVELOPMENT_TEAM = BAM9HZ9UDU;
				ENABLE_PREVIEWS = YES;
				INFOPLIST_FILE = VACC1/Info.plist;
				IPHONEOS_DEPLOYMENT_TARGET = 14.0;
				LD_RUNPATH_SEARCH_PATHS = (
					"$(inherited)",
					"@executable_path/Frameworks",
				);
				PRODUCT_BUNDLE_IDENTIFIER = com.keiner.VACC1;
				PRODUCT_NAME = "$(TARGET_NAME)";
				SWIFT_VERSION = 5.0;
				TARGETED_DEVICE_FAMILY = "1,2";
			};
			name = Debug;
		};
		C3AB592926306F8F006296C0 /* Release */ = {
			isa = XCBuildConfiguration;
			buildSettings = {
				ASSETCATALOG_COMPILER_APPICON_NAME = AppIcon;
				ASSETCATALOG_COMPILER_GLOBAL_ACCENT_COLOR_NAME = AccentColor;
				CODE_SIGN_STYLE = Automatic;
				DEVELOPMENT_ASSET_PATHS = "\"VACC1/Preview Content\"";
				DEVELOPMENT_TEAM = BAM9HZ9UDU;
				ENABLE_PREVIEWS = YES;
				INFOPLIST_FILE = VACC1/Info.plist;
				IPHONEOS_DEPLOYMENT_TARGET = 14.0;
				LD_RUNPATH_SEARCH_PATHS = (
					"$(inherited)",
					"@executable_path/Frameworks",
				);
				PRODUCT_BUNDLE_IDENTIFIER = com.keiner.VACC1;
				PRODUCT_NAME = "$(TARGET_NAME)";
				SWIFT_VERSION = 5.0;
				TARGETED_DEVICE_FAMILY = "1,2";
			};
			name = Release;
		};
/* End XCBuildConfiguration section */

/* Begin XCConfigurationList section */
		C3AB591326306F8E006296C0 /* Build configuration list for PBXProject "VACC1" */ = {
			isa = XCConfigurationList;
			buildConfigurations = (
				C3AB592526306F8F006296C0 /* Debug */,
				C3AB592626306F8F006296C0 /* Release */,
			);
			defaultConfigurationIsVisible = 0;
			defaultConfigurationName = Release;
		};
		C3AB592726306F8F006296C0 /* Build configuration list for PBXNativeTarget "VACC1" */ = {
			isa = XCConfigurationList;
			buildConfigurations = (
				C3AB592826306F8F006296C0 /* Debug */,
				C3AB592926306F8F006296C0 /* Release */,
			);
			defaultConfigurationIsVisible = 0;
			defaultConfigurationName = Release;
		};
/* End XCConfigurationList section */
	};
	rootObject = C3AB591026306F8E006296C0 /* Project object */;
}
